
Microsoft Visual Studio Solution File, Format Version 12.00
# Visual Studio Version 17
VisualStudioVersion = 17.13.35919.96
MinimumVisualStudioVersion = 10.0.40219.1
Project("{FAE04EC0-301F-11D3-BF4B-00C04F79EFBC}") = "OutboundAgent", "OutboundAgent\OutboundAgent.csproj", "{144DDF9C-D44C-44AD-B739-E80F86182A4A}"
EndProject
Project("{FAE04EC0-301F-11D3-BF4B-00C04F79EFBC}") = "CloudRelayService", "CloudRelayService\CloudRelayService.csproj", "{3AEAE9F9-5149-451E-A2A9-0724670E1E94}"
EndProject
Global
	GlobalSection(SolutionConfigurationPlatforms) = preSolution
		Debug|Any CPU = Debug|Any CPU
		Release|Any CPU = Release|Any CPU
	EndGlobalSection
	GlobalSection(ProjectConfigurationPlatforms) = postSolution
		{144DDF9C-D44C-44AD-B739-E80F86182A4A}.Debug|Any CPU.ActiveCfg = Debug|Any CPU
		{144DDF9C-D44C-44AD-B739-E80F86182A4A}.Debug|Any CPU.Build.0 = Debug|Any CPU
		{144DDF9C-D44C-44AD-B739-E80F86182A4A}.Release|Any CPU.ActiveCfg = Release|Any CPU
		{144DDF9C-D44C-44AD-B739-E80F86182A4A}.Release|Any CPU.Build.0 = Release|Any CPU
		{3AEAE9F9-5149-451E-A2A9-0724670E1E94}.Debug|Any CPU.ActiveCfg = Debug|Any CPU
		{3AEAE9F9-5149-451E-A2A9-0724670E1E94}.Debug|Any CPU.Build.0 = Debug|Any CPU
		{3AEAE9F9-5149-451E-A2A9-0724670E1E94}.Release|Any CPU.ActiveCfg = Release|Any CPU
		{3AEAE9F9-5149-451E-A2A9-0724670E1E94}.Release|Any CPU.Build.0 = Release|Any CPU
	EndGlobalSection
	GlobalSection(SolutionProperties) = preSolution
		HideSolutionNode = FALSE
	EndGlobalSection
	GlobalSection(ExtensibilityGlobals) = postSolution
		SolutionGuid = {9CCC5C1F-3DC3-4D91-9A81-ED28C3D70EA2}
	EndGlobalSection
EndGlobal
